
Microsoft Visual Studio Solution File, Format Version 12.00
# Visual Studio Version 17
VisualStudioVersion = 17.0.31903.59
MinimumVisualStudioVersion = 10.0.40219.1
Project("{FAE04EC0-301F-11D3-BF4B-00C04F79EFBC}") = "IronClad", "IronClad\IronClad.csproj", "{C95AFCE2-3D38-44B7-A605-B3E0DDE9AE01}"
EndProject
Project("{FAE04EC0-301F-11D3-BF4B-00C04F79EFBC}") = "IronClad.Test", "IronClad.Test\IronClad.Test.csproj", "{9367EFDC-05F7-4662-9030-4A8E0231B60E}"
EndProject
Global
	GlobalSection(SolutionConfigurationPlatforms) = preSolution
		Debug|Any CPU = Debug|Any CPU
		Debug|x64 = Debug|x64
		Debug|x86 = Debug|x86
		Release|Any CPU = Release|Any CPU
		Release|x64 = Release|x64
		Release|x86 = Release|x86
	EndGlobalSection
	GlobalSection(ProjectConfigurationPlatforms) = postSolution
		{C95AFCE2-3D38-44B7-A605-B3E0DDE9AE01}.Debug|Any CPU.ActiveCfg = Debug|Any CPU
		{C95AFCE2-3D38-44B7-A605-B3E0DDE9AE01}.Debug|Any CPU.Build.0 = Debug|Any CPU
		{C95AFCE2-3D38-44B7-A605-B3E0DDE9AE01}.Debug|x64.ActiveCfg = Debug|Any CPU
		{C95AFCE2-3D38-44B7-A605-B3E0DDE9AE01}.Debug|x64.Build.0 = Debug|Any CPU
		{C95AFCE2-3D38-44B7-A605-B3E0DDE9AE01}.Debug|x86.ActiveCfg = Debug|Any CPU
		{C95AFCE2-3D38-44B7-A605-B3E0DDE9AE01}.Debug|x86.Build.0 = Debug|Any CPU
		{C95AFCE2-3D38-44B7-A605-B3E0DDE9AE01}.Release|Any CPU.ActiveCfg = Release|Any CPU
		{C95AFCE2-3D38-44B7-A605-B3E0DDE9AE01}.Release|Any CPU.Build.0 = Release|Any CPU
		{C95AFCE2-3D38-44B7-A605-B3E0DDE9AE01}.Release|x64.ActiveCfg = Release|Any CPU
		{C95AFCE2-3D38-44B7-A605-B3E0DDE9AE01}.Release|x64.Build.0 = Release|Any CPU
		{C95AFCE2-3D38-44B7-A605-B3E0DDE9AE01}.Release|x86.ActiveCfg = Release|Any CPU
		{C95AFCE2-3D38-44B7-A605-B3E0DDE9AE01}.Release|x86.Build.0 = Release|Any CPU
		{9367EFDC-05F7-4662-9030-4A8E0231B60E}.Debug|Any CPU.ActiveCfg = Debug|Any CPU
		{9367EFDC-05F7-4662-9030-4A8E0231B60E}.Debug|Any CPU.Build.0 = Debug|Any CPU
		{9367EFDC-05F7-4662-9030-4A8E0231B60E}.Debug|x64.ActiveCfg = Debug|Any CPU
		{9367EFDC-05F7-4662-9030-4A8E0231B60E}.Debug|x64.Build.0 = Debug|Any CPU
		{9367EFDC-05F7-4662-9030-4A8E0231B60E}.Debug|x86.ActiveCfg = Debug|Any CPU
		{9367EFDC-05F7-4662-9030-4A8E0231B60E}.Debug|x86.Build.0 = Debug|Any CPU
		{9367EFDC-05F7-4662-9030-4A8E0231B60E}.Release|Any CPU.ActiveCfg = Release|Any CPU
		{9367EFDC-05F7-4662-9030-4A8E0231B60E}.Release|Any CPU.Build.0 = Release|Any CPU
		{9367EFDC-05F7-4662-9030-4A8E0231B60E}.Release|x64.ActiveCfg = Release|Any CPU
		{9367EFDC-05F7-4662-9030-4A8E0231B60E}.Release|x64.Build.0 = Release|Any CPU
		{9367EFDC-05F7-4662-9030-4A8E0231B60E}.Release|x86.ActiveCfg = Release|Any CPU
		{9367EFDC-05F7-4662-9030-4A8E0231B60E}.Release|x86.Build.0 = Release|Any CPU
	EndGlobalSection
	GlobalSection(SolutionProperties) = preSolution
		HideSolutionNode = FALSE
	EndGlobalSection
EndGlobal
